
Microsoft Visual Studio Solution File, Format Version 12.00
# Visual Studio Version 17
VisualStudioVersion = 17.8.34525.116
MinimumVisualStudioVersion = 10.0.40219.1
Project("{FAE04EC0-301F-11D3-BF4B-00C04F79EFBC}") = "xfg_csharp_sample", "xfg_csharp_sample.csproj", "{3D27DF95-62C5-45F9-81AE-A1F1091C9E63}"
EndProject
Global
	GlobalSection(SolutionConfigurationPlatforms) = preSolution
		Debug|Any CPU = Debug|Any CPU
		Release|Any CPU = Release|Any CPU
	EndGlobalSection
	GlobalSection(ProjectConfigurationPlatforms) = postSolution
		{3D27DF95-62C5-45F9-81AE-A1F1091C9E63}.Debug|Any CPU.ActiveCfg = Debug|Any CPU
		{3D27DF95-62C5-45F9-81AE-A1F1091C9E63}.Debug|Any CPU.Build.0 = Debug|Any CPU
		{3D27DF95-62C5-45F9-81AE-A1F1091C9E63}.Release|Any CPU.ActiveCfg = Release|Any CPU
		{3D27DF95-62C5-45F9-81AE-A1F1091C9E63}.Release|Any CPU.Build.0 = Release|Any CPU
	EndGlobalSection
	GlobalSection(SolutionProperties) = preSolution
		HideSolutionNode = FALSE
	EndGlobalSection
	GlobalSection(ExtensibilityGlobals) = postSolution
		SolutionGuid = {A00999B8-C6D3-464C-AE9D-D6447EB80CC3}
	EndGlobalSection
EndGlobal
